
Microsoft Visual Studio Solution File, Format Version 12.00
# Visual Studio Version 17
VisualStudioVersion = 17.6.33815.320
MinimumVisualStudioVersion = 10.0.40219.1
Project("{9A19103F-16F7-4668-BE54-9A1E7A4F7556}") = "ConsoleApp1", "ConsoleApp1\ConsoleApp1.csproj", "{CC31C7C8-ED26-4534-9641-12150E39BFF5}"
EndProject
Project("{FAE04EC0-301F-11D3-BF4B-00C04F79EFBC}") = "Calculator", "Calculator\Calculator.csproj", "{B4B0097C-C824-49FD-911F-867AD7754DEA}"
EndProject
Global
	GlobalSection(SolutionConfigurationPlatforms) = preSolution
		Debug|Any CPU = Debug|Any CPU
		Release|Any CPU = Release|Any CPU
	EndGlobalSection
	GlobalSection(ProjectConfigurationPlatforms) = postSolution
		{CC31C7C8-ED26-4534-9641-12150E39BFF5}.Debug|Any CPU.ActiveCfg = Debug|Any CPU
		{CC31C7C8-ED26-4534-9641-12150E39BFF5}.Debug|Any CPU.Build.0 = Debug|Any CPU
		{CC31C7C8-ED26-4534-9641-12150E39BFF5}.Release|Any CPU.ActiveCfg = Release|Any CPU
		{CC31C7C8-ED26-4534-9641-12150E39BFF5}.Release|Any CPU.Build.0 = Release|Any CPU
		{B4B0097C-C824-49FD-911F-867AD7754DEA}.Debug|Any CPU.ActiveCfg = Debug|Any CPU
		{B4B0097C-C824-49FD-911F-867AD7754DEA}.Debug|Any CPU.Build.0 = Debug|Any CPU
		{B4B0097C-C824-49FD-911F-867AD7754DEA}.Release|Any CPU.ActiveCfg = Release|Any CPU
		{B4B0097C-C824-49FD-911F-867AD7754DEA}.Release|Any CPU.Build.0 = Release|Any CPU
	EndGlobalSection
	GlobalSection(SolutionProperties) = preSolution
		HideSolutionNode = FALSE
	EndGlobalSection
	GlobalSection(ExtensibilityGlobals) = postSolution
		SolutionGuid = {37679456-769D-461B-8F04-82923D9A8BBA}
	EndGlobalSection
EndGlobal
